
Microsoft Visual Studio Solution File, Format Version 12.00
# Visual Studio Version 17
VisualStudioVersion = 17.5.33530.505
MinimumVisualStudioVersion = 10.0.40219.1
Project("{FAE04EC0-301F-11D3-BF4B-00C04F79EFBC}") = "eTickets", "eTickets\eTickets.csproj", "{5EE02AEC-75C4-40ED-BE42-10A2EB20C6F9}"
EndProject
Global
	GlobalSection(SolutionConfigurationPlatforms) = preSolution
		Debug|Any CPU = Debug|Any CPU
		Release|Any CPU = Release|Any CPU
	EndGlobalSection
	GlobalSection(ProjectConfigurationPlatforms) = postSolution
		{5EE02AEC-75C4-40ED-BE42-10A2EB20C6F9}.Debug|Any CPU.ActiveCfg = Debug|Any CPU
		{5EE02AEC-75C4-40ED-BE42-10A2EB20C6F9}.Debug|Any CPU.Build.0 = Debug|Any CPU
		{5EE02AEC-75C4-40ED-BE42-10A2EB20C6F9}.Release|Any CPU.ActiveCfg = Release|Any CPU
		{5EE02AEC-75C4-40ED-BE42-10A2EB20C6F9}.Release|Any CPU.Build.0 = Release|Any CPU
	EndGlobalSection
	GlobalSection(SolutionProperties) = preSolution
		HideSolutionNode = FALSE
	EndGlobalSection
	GlobalSection(ExtensibilityGlobals) = postSolution
		SolutionGuid = {36AE4E09-7143-4B37-882F-4FB9ECC2D084}
	EndGlobalSection
EndGlobal
